
Microsoft Visual Studio Solution File, Format Version 12.00
# Visual Studio Version 17
VisualStudioVersion = 17.8.34525.116
MinimumVisualStudioVersion = 10.0.40219.1
Project("{FAE04EC0-301F-11D3-BF4B-00C04F79EFBC}") = "Labo1", "Labo1\Labo1.csproj", "{63E74503-8550-4E8C-8646-BC89211A01F0}"
EndProject
Project("{FAE04EC0-301F-11D3-BF4B-00C04F79EFBC}") = "MyShapeLibrary", "MyShapeLibrary\MyShapeLibrary.csproj", "{F32B27C7-BBE4-4141-8E70-BCAD1D94C257}"
EndProject
Global
	GlobalSection(SolutionConfigurationPlatforms) = preSolution
		Debug|Any CPU = Debug|Any CPU
		Release|Any CPU = Release|Any CPU
	EndGlobalSection
	GlobalSection(ProjectConfigurationPlatforms) = postSolution
		{63E74503-8550-4E8C-8646-BC89211A01F0}.Debug|Any CPU.ActiveCfg = Debug|Any CPU
		{63E74503-8550-4E8C-8646-BC89211A01F0}.Debug|Any CPU.Build.0 = Debug|Any CPU
		{63E74503-8550-4E8C-8646-BC89211A01F0}.Release|Any CPU.ActiveCfg = Release|Any CPU
		{63E74503-8550-4E8C-8646-BC89211A01F0}.Release|Any CPU.Build.0 = Release|Any CPU
		{F32B27C7-BBE4-4141-8E70-BCAD1D94C257}.Debug|Any CPU.ActiveCfg = Debug|Any CPU
		{F32B27C7-BBE4-4141-8E70-BCAD1D94C257}.Debug|Any CPU.Build.0 = Debug|Any CPU
		{F32B27C7-BBE4-4141-8E70-BCAD1D94C257}.Release|Any CPU.ActiveCfg = Release|Any CPU
		{F32B27C7-BBE4-4141-8E70-BCAD1D94C257}.Release|Any CPU.Build.0 = Release|Any CPU
	EndGlobalSection
	GlobalSection(SolutionProperties) = preSolution
		HideSolutionNode = FALSE
	EndGlobalSection
	GlobalSection(ExtensibilityGlobals) = postSolution
		SolutionGuid = {665A6080-7E07-4CA8-A1B4-D4DBFE0DE586}
	EndGlobalSection
EndGlobal
